compiler = "tokit-compiler/0.0.1"
format = 2
manifest_sha256 = "79c365fea66f44593a58ec3b8a6d6156816d8d0957bcc783db3c64c860d1c6f5"
target = "portable-source"

[[package]]
dependencies = []
id = "json"
name = "json"
path = "../json/json.tok"
sha256 = "25568ec8996f950f18155575a72caf58329b8dd94f0ded3064cec6a31bd58e96"
sources = ["pkg/json.tok"]

[roots]
json = "json"
