compiler = "tokit-compiler/0.0.1"
format = 2
manifest_sha256 = "3e40d803787d23b0a6f40ab033749d4e5ac5b7d804c75d5225d8c0f0c7cfbcbe"
target = "portable-source"

[[package]]
dependencies = []
id = "json"
name = "json"
path = "../json/json.tok"
sha256 = "a377e89ad234b87cd2cce76c076cd497f56e43becbe618673c5045bf826ecda2"
sources = ["pkg/json.tok"]

[roots]
json = "json"
